
Microsoft Visual Studio Solution File, Format Version 12.00
# Visual Studio Version 17
VisualStudioVersion = 17.4.33213.308
MinimumVisualStudioVersion = 10.0.40219.1
Project("{FAE04EC0-301F-11D3-BF4B-00C04F79EFBC}") = "SmartHouse", "SmartHouse\SmartHouse.csproj", "{8E652F62-FA9E-4218-9E8D-B7A407C7C4D9}"
EndProject
Global
	GlobalSection(SolutionConfigurationPlatforms) = preSolution
		Debug|Any CPU = Debug|Any CPU
		Release|Any CPU = Release|Any CPU
	EndGlobalSection
	GlobalSection(ProjectConfigurationPlatforms) = postSolution
		{8E652F62-FA9E-4218-9E8D-B7A407C7C4D9}.Debug|Any CPU.ActiveCfg = Debug|Any CPU
		{8E652F62-FA9E-4218-9E8D-B7A407C7C4D9}.Debug|Any CPU.Build.0 = Debug|Any CPU
		{8E652F62-FA9E-4218-9E8D-B7A407C7C4D9}.Release|Any CPU.ActiveCfg = Release|Any CPU
		{8E652F62-FA9E-4218-9E8D-B7A407C7C4D9}.Release|Any CPU.Build.0 = Release|Any CPU
	EndGlobalSection
	GlobalSection(SolutionProperties) = preSolution
		HideSolutionNode = FALSE
	EndGlobalSection
	GlobalSection(ExtensibilityGlobals) = postSolution
		SolutionGuid = {3669F907-B8A3-41E9-888E-0E2179FA54F3}
	EndGlobalSection
EndGlobal
