
Microsoft Visual Studio Solution File, Format Version 12.00
# Visual Studio Version 17
VisualStudioVersion = 17.4.33205.214
MinimumVisualStudioVersion = 10.0.40219.1
Project("{FAE04EC0-301F-11D3-BF4B-00C04F79EFBC}") = "LW2_IP", "LW2_IP\LW2_IP.csproj", "{524E45D9-2938-4135-AFDC-2FF3F8D36338}"
EndProject
Global
	GlobalSection(SolutionConfigurationPlatforms) = preSolution
		Debug|Any CPU = Debug|Any CPU
		Release|Any CPU = Release|Any CPU
	EndGlobalSection
	GlobalSection(ProjectConfigurationPlatforms) = postSolution
		{524E45D9-2938-4135-AFDC-2FF3F8D36338}.Debug|Any CPU.ActiveCfg = Debug|Any CPU
		{524E45D9-2938-4135-AFDC-2FF3F8D36338}.Debug|Any CPU.Build.0 = Debug|Any CPU
		{524E45D9-2938-4135-AFDC-2FF3F8D36338}.Release|Any CPU.ActiveCfg = Release|Any CPU
		{524E45D9-2938-4135-AFDC-2FF3F8D36338}.Release|Any CPU.Build.0 = Release|Any CPU
	EndGlobalSection
	GlobalSection(SolutionProperties) = preSolution
		HideSolutionNode = FALSE
	EndGlobalSection
	GlobalSection(ExtensibilityGlobals) = postSolution
		SolutionGuid = {2974053B-1F34-4536-A1D5-BD42D64331E0}
	EndGlobalSection
EndGlobal
